
Microsoft Visual Studio Solution File, Format Version 12.00
# Visual Studio Version 16
VisualStudioVersion = 16.0.29806.167
MinimumVisualStudioVersion = 10.0.40219.1
Project("{FAE04EC0-301F-11D3-BF4B-00C04F79EFBC}") = "Abc.Core", "Abc.Core\Abc.Core.csproj", "{60778077-2E8A-472A-AF2D-3D6C782CE0A9}"
EndProject
Project("{FAE04EC0-301F-11D3-BF4B-00C04F79EFBC}") = "Abc.Northwind.Entities", "Abc.Northwind.Entities\Abc.Northwind.Entities.csproj", "{7C18F078-38FF-4E5F-BDCE-EBDB02C7E016}"
EndProject
Project("{FAE04EC0-301F-11D3-BF4B-00C04F79EFBC}") = "Abc.Northwind.DataAccess", "Abc.Northwind.DataAccess\Abc.Northwind.DataAccess.csproj", "{01F4D414-D30F-4ABD-A469-CDAA03EF8F01}"
EndProject
Project("{FAE04EC0-301F-11D3-BF4B-00C04F79EFBC}") = "Abc.Northwind.Business", "Abc.Northwind.Business\Abc.Northwind.Business.csproj", "{2BD4834B-5AB1-4147-B57D-9C5A30A2EC76}"
EndProject
Project("{FAE04EC0-301F-11D3-BF4B-00C04F79EFBC}") = "Asp.Northwind.MvcWebUI", "Asp.Northwind.MvcWebUI\Asp.Northwind.MvcWebUI.csproj", "{312D4E77-53C9-40C2-ACC7-03885DC1D503}"
EndProject
Global
	GlobalSection(SolutionConfigurationPlatforms) = preSolution
		Debug|Any CPU = Debug|Any CPU
		Release|Any CPU = Release|Any CPU
	EndGlobalSection
	GlobalSection(ProjectConfigurationPlatforms) = postSolution
		{60778077-2E8A-472A-AF2D-3D6C782CE0A9}.Debug|Any CPU.ActiveCfg = Debug|Any CPU
		{60778077-2E8A-472A-AF2D-3D6C782CE0A9}.Debug|Any CPU.Build.0 = Debug|Any CPU
		{60778077-2E8A-472A-AF2D-3D6C782CE0A9}.Release|Any CPU.ActiveCfg = Release|Any CPU
		{60778077-2E8A-472A-AF2D-3D6C782CE0A9}.Release|Any CPU.Build.0 = Release|Any CPU
		{7C18F078-38FF-4E5F-BDCE-EBDB02C7E016}.Debug|Any CPU.ActiveCfg = Debug|Any CPU
		{7C18F078-38FF-4E5F-BDCE-EBDB02C7E016}.Debug|Any CPU.Build.0 = Debug|Any CPU
		{7C18F078-38FF-4E5F-BDCE-EBDB02C7E016}.Release|Any CPU.ActiveCfg = Release|Any CPU
		{7C18F078-38FF-4E5F-BDCE-EBDB02C7E016}.Release|Any CPU.Build.0 = Release|Any CPU
		{01F4D414-D30F-4ABD-A469-CDAA03EF8F01}.Debug|Any CPU.ActiveCfg = Debug|Any CPU
		{01F4D414-D30F-4ABD-A469-CDAA03EF8F01}.Debug|Any CPU.Build.0 = Debug|Any CPU
		{01F4D414-D30F-4ABD-A469-CDAA03EF8F01}.Release|Any CPU.ActiveCfg = Release|Any CPU
		{01F4D414-D30F-4ABD-A469-CDAA03EF8F01}.Release|Any CPU.Build.0 = Release|Any CPU
		{2BD4834B-5AB1-4147-B57D-9C5A30A2EC76}.Debug|Any CPU.ActiveCfg = Debug|Any CPU
		{2BD4834B-5AB1-4147-B57D-9C5A30A2EC76}.Debug|Any CPU.Build.0 = Debug|Any CPU
		{2BD4834B-5AB1-4147-B57D-9C5A30A2EC76}.Release|Any CPU.ActiveCfg = Release|Any CPU
		{2BD4834B-5AB1-4147-B57D-9C5A30A2EC76}.Release|Any CPU.Build.0 = Release|Any CPU
		{312D4E77-53C9-40C2-ACC7-03885DC1D503}.Debug|Any CPU.ActiveCfg = Debug|Any CPU
		{312D4E77-53C9-40C2-ACC7-03885DC1D503}.Debug|Any CPU.Build.0 = Debug|Any CPU
		{312D4E77-53C9-40C2-ACC7-03885DC1D503}.Release|Any CPU.ActiveCfg = Release|Any CPU
		{312D4E77-53C9-40C2-ACC7-03885DC1D503}.Release|Any CPU.Build.0 = Release|Any CPU
	EndGlobalSection
	GlobalSection(SolutionProperties) = preSolution
		HideSolutionNode = FALSE
	EndGlobalSection
	GlobalSection(ExtensibilityGlobals) = postSolution
		SolutionGuid = {214DBFC4-89F1-4B65-9AB5-2C78BF5C4BDD}
	EndGlobalSection
EndGlobal
